
Microsoft Visual Studio Solution File, Format Version 12.00
# Visual Studio Version 16
VisualStudioVersion = 16.0.28407.52
MinimumVisualStudioVersion = 10.0.40219.1
Project("{FAE04EC0-301F-11D3-BF4B-00C04F79EFBC}") = "flyte", "flyte\flyte.csproj", "{8981DF7C-26B0-4592-88F5-5EB7F68C65B0}"
EndProject
Global
	GlobalSection(SolutionConfigurationPlatforms) = preSolution
		Debug|Any CPU = Debug|Any CPU
		Release|Any CPU = Release|Any CPU
	EndGlobalSection
	GlobalSection(ProjectConfigurationPlatforms) = postSolution
		{8981DF7C-26B0-4592-88F5-5EB7F68C65B0}.Debug|Any CPU.ActiveCfg = Debug|Any CPU
		{8981DF7C-26B0-4592-88F5-5EB7F68C65B0}.Debug|Any CPU.Build.0 = Debug|Any CPU
		{8981DF7C-26B0-4592-88F5-5EB7F68C65B0}.Release|Any CPU.ActiveCfg = Release|Any CPU
		{8981DF7C-26B0-4592-88F5-5EB7F68C65B0}.Release|Any CPU.Build.0 = Release|Any CPU
	EndGlobalSection
	GlobalSection(SolutionProperties) = preSolution
		HideSolutionNode = FALSE
	EndGlobalSection
	GlobalSection(ExtensibilityGlobals) = postSolution
		SolutionGuid = {78E821BF-7BA0-41A9-99D5-F6A021A02462}
	EndGlobalSection
EndGlobal
